
Microsoft Visual Studio Solution File, Format Version 12.00
# Visual Studio Version 17
VisualStudioVersion = 17.9.34622.214
MinimumVisualStudioVersion = 10.0.40219.1
Project("{FAE04EC0-301F-11D3-BF4B-00C04F79EFBC}") = "SupermarketSystem", "SupermarketSystem.csproj", "{08724C39-5F05-4414-B20E-EBAE9439FA5D}"
EndProject
Global
	GlobalSection(SolutionConfigurationPlatforms) = preSolution
		Debug|Any CPU = Debug|Any CPU
		Release|Any CPU = Release|Any CPU
	EndGlobalSection
	GlobalSection(ProjectConfigurationPlatforms) = postSolution
		{08724C39-5F05-4414-B20E-EBAE9439FA5D}.Debug|Any CPU.ActiveCfg = Debug|Any CPU
		{08724C39-5F05-4414-B20E-EBAE9439FA5D}.Debug|Any CPU.Build.0 = Debug|Any CPU
		{08724C39-5F05-4414-B20E-EBAE9439FA5D}.Release|Any CPU.ActiveCfg = Release|Any CPU
		{08724C39-5F05-4414-B20E-EBAE9439FA5D}.Release|Any CPU.Build.0 = Release|Any CPU
	EndGlobalSection
	GlobalSection(SolutionProperties) = preSolution
		HideSolutionNode = FALSE
	EndGlobalSection
	GlobalSection(ExtensibilityGlobals) = postSolution
		SolutionGuid = {A88E53F1-4ABB-46F8-A85A-BFE47AE28F5E}
	EndGlobalSection
EndGlobal
