
Microsoft Visual Studio Solution File, Format Version 12.00
# Visual Studio Version 17
VisualStudioVersion = 17.10.35013.160
MinimumVisualStudioVersion = 10.0.40219.1
Project("{FAE04EC0-301F-11D3-BF4B-00C04F79EFBC}") = "Email-System", "Email-System.csproj", "{B541962A-95E9-485D-B56C-AC8B40D7E8D6}"
EndProject
Project("{FAE04EC0-301F-11D3-BF4B-00C04F79EFBC}") = "EmailSystemEnums", "..\EmailSystemEnums\EmailSystemEnums.csproj", "{941F6AF2-BC0C-4575-BBD9-B5F63BF129F4}"
EndProject
Project("{FAE04EC0-301F-11D3-BF4B-00C04F79EFBC}") = "EmailSystemDtos", "..\EmailSystemDtos\EmailSystemDtos.csproj", "{5F7BE6E6-C83F-474A-91D5-DB1E7CD21B92}"
EndProject
Global
	GlobalSection(SolutionConfigurationPlatforms) = preSolution
		Debug|Any CPU = Debug|Any CPU
		Release|Any CPU = Release|Any CPU
	EndGlobalSection
	GlobalSection(ProjectConfigurationPlatforms) = postSolution
		{B541962A-95E9-485D-B56C-AC8B40D7E8D6}.Debug|Any CPU.ActiveCfg = Debug|Any CPU
		{B541962A-95E9-485D-B56C-AC8B40D7E8D6}.Debug|Any CPU.Build.0 = Debug|Any CPU
		{B541962A-95E9-485D-B56C-AC8B40D7E8D6}.Release|Any CPU.ActiveCfg = Release|Any CPU
		{B541962A-95E9-485D-B56C-AC8B40D7E8D6}.Release|Any CPU.Build.0 = Release|Any CPU
		{941F6AF2-BC0C-4575-BBD9-B5F63BF129F4}.Debug|Any CPU.ActiveCfg = Debug|Any CPU
		{941F6AF2-BC0C-4575-BBD9-B5F63BF129F4}.Debug|Any CPU.Build.0 = Debug|Any CPU
		{941F6AF2-BC0C-4575-BBD9-B5F63BF129F4}.Release|Any CPU.ActiveCfg = Release|Any CPU
		{941F6AF2-BC0C-4575-BBD9-B5F63BF129F4}.Release|Any CPU.Build.0 = Release|Any CPU
		{5F7BE6E6-C83F-474A-91D5-DB1E7CD21B92}.Debug|Any CPU.ActiveCfg = Debug|Any CPU
		{5F7BE6E6-C83F-474A-91D5-DB1E7CD21B92}.Debug|Any CPU.Build.0 = Debug|Any CPU
		{5F7BE6E6-C83F-474A-91D5-DB1E7CD21B92}.Release|Any CPU.ActiveCfg = Release|Any CPU
		{5F7BE6E6-C83F-474A-91D5-DB1E7CD21B92}.Release|Any CPU.Build.0 = Release|Any CPU
	EndGlobalSection
	GlobalSection(SolutionProperties) = preSolution
		HideSolutionNode = FALSE
	EndGlobalSection
	GlobalSection(ExtensibilityGlobals) = postSolution
		SolutionGuid = {4734C7D4-FCF7-4D33-9C44-BFC630BFEBED}
	EndGlobalSection
EndGlobal
